
Microsoft Visual Studio Solution File, Format Version 12.00
# Visual Studio Version 16
VisualStudioVersion = 16.0.33027.164
MinimumVisualStudioVersion = 10.0.40219.1
Project("{FAE04EC0-301F-11D3-BF4B-00C04F79EFBC}") = "lab2exer1", "lab2exer1\lab2exer1.csproj", "{5DEB571D-0587-4CF1-B37B-2E3D795DA080}"
EndProject
Global
	GlobalSection(SolutionConfigurationPlatforms) = preSolution
		Debug|Any CPU = Debug|Any CPU
		Release|Any CPU = Release|Any CPU
	EndGlobalSection
	GlobalSection(ProjectConfigurationPlatforms) = postSolution
		{5DEB571D-0587-4CF1-B37B-2E3D795DA080}.Debug|Any CPU.ActiveCfg = Debug|Any CPU
		{5DEB571D-0587-4CF1-B37B-2E3D795DA080}.Debug|Any CPU.Build.0 = Debug|Any CPU
		{5DEB571D-0587-4CF1-B37B-2E3D795DA080}.Release|Any CPU.ActiveCfg = Release|Any CPU
		{5DEB571D-0587-4CF1-B37B-2E3D795DA080}.Release|Any CPU.Build.0 = Release|Any CPU
	EndGlobalSection
	GlobalSection(SolutionProperties) = preSolution
		HideSolutionNode = FALSE
	EndGlobalSection
	GlobalSection(ExtensibilityGlobals) = postSolution
		SolutionGuid = {6F2B8E64-DA3F-44D4-B176-2FE9636FCB8E}
	EndGlobalSection
EndGlobal
